
Microsoft Visual Studio Solution File, Format Version 12.00
# Visual Studio Version 17
VisualStudioVersion = 17.6.33815.320
MinimumVisualStudioVersion = 10.0.40219.1
Project("{9A19103F-16F7-4668-BE54-9A1E7A4F7556}") = "FilmRating", "FilmRating\FilmRating.csproj", "{39F18913-3AE5-4161-A96E-03357C0FA1CE}"
EndProject
Project("{E53339B2-1760-4266-BCC7-CA923CBCF16C}") = "docker-compose", "docker-compose.dcproj", "{C19B2885-57F0-449E-A1C1-178CDD403534}"
EndProject
Project("{2150E333-8FDC-42A3-9474-1A3956D46DE8}") = "Solution Items", "Solution Items", "{53661C0D-2A23-4B8D-8F27-DDB6CCF8D253}"
	ProjectSection(SolutionItems) = preProject
		.editorconfig = .editorconfig
		Directory.Build.props = Directory.Build.props
	EndProjectSection
EndProject
Global
	GlobalSection(SolutionConfigurationPlatforms) = preSolution
		Debug|Any CPU = Debug|Any CPU
		Release|Any CPU = Release|Any CPU
	EndGlobalSection
	GlobalSection(ProjectConfigurationPlatforms) = postSolution
		{39F18913-3AE5-4161-A96E-03357C0FA1CE}.Debug|Any CPU.ActiveCfg = Debug|Any CPU
		{39F18913-3AE5-4161-A96E-03357C0FA1CE}.Debug|Any CPU.Build.0 = Debug|Any CPU
		{39F18913-3AE5-4161-A96E-03357C0FA1CE}.Release|Any CPU.ActiveCfg = Release|Any CPU
		{39F18913-3AE5-4161-A96E-03357C0FA1CE}.Release|Any CPU.Build.0 = Release|Any CPU
		{C19B2885-57F0-449E-A1C1-178CDD403534}.Debug|Any CPU.ActiveCfg = Debug|Any CPU
		{C19B2885-57F0-449E-A1C1-178CDD403534}.Debug|Any CPU.Build.0 = Debug|Any CPU
		{C19B2885-57F0-449E-A1C1-178CDD403534}.Release|Any CPU.ActiveCfg = Release|Any CPU
		{C19B2885-57F0-449E-A1C1-178CDD403534}.Release|Any CPU.Build.0 = Release|Any CPU
	EndGlobalSection
	GlobalSection(SolutionProperties) = preSolution
		HideSolutionNode = FALSE
	EndGlobalSection
	GlobalSection(ExtensibilityGlobals) = postSolution
		SolutionGuid = {99E6C7DC-1B49-4F8F-8B59-A79E328D1C0A}
	EndGlobalSection
EndGlobal
